
Microsoft Visual Studio Solution File, Format Version 12.00
# Visual Studio Version 16
VisualStudioVersion = 16.0.29613.14
MinimumVisualStudioVersion = 10.0.40219.1
Project("{FAE04EC0-301F-11D3-BF4B-00C04F79EFBC}") = "MMK2", "MMK2\MMK2.csproj", "{23D681C4-973E-40FD-ACD3-22D1F06F7843}"
EndProject
Global
	GlobalSection(SolutionConfigurationPlatforms) = preSolution
		Debug|Any CPU = Debug|Any CPU
		Release|Any CPU = Release|Any CPU
	EndGlobalSection
	GlobalSection(ProjectConfigurationPlatforms) = postSolution
		{23D681C4-973E-40FD-ACD3-22D1F06F7843}.Debug|Any CPU.ActiveCfg = Debug|Any CPU
		{23D681C4-973E-40FD-ACD3-22D1F06F7843}.Debug|Any CPU.Build.0 = Debug|Any CPU
		{23D681C4-973E-40FD-ACD3-22D1F06F7843}.Release|Any CPU.ActiveCfg = Release|Any CPU
		{23D681C4-973E-40FD-ACD3-22D1F06F7843}.Release|Any CPU.Build.0 = Release|Any CPU
	EndGlobalSection
	GlobalSection(SolutionProperties) = preSolution
		HideSolutionNode = FALSE
	EndGlobalSection
	GlobalSection(ExtensibilityGlobals) = postSolution
		SolutionGuid = {D8C94C96-B18D-4E86-B2BD-E84E312E19CE}
	EndGlobalSection
EndGlobal
